
Microsoft Visual Studio Solution File, Format Version 12.00
# Visual Studio Version 17
VisualStudioVersion = 17.9.34728.123
MinimumVisualStudioVersion = 10.0.40219.1
Project("{9A19103F-16F7-4668-BE54-9A1E7A4F7556}") = "HomeTasks1", "HomeTasks1\HomeTasks1.csproj", "{14BB1E94-8F78-4383-B7E8-6F911F172FD8}"
EndProject
Project("{FAE04EC0-301F-11D3-BF4B-00C04F79EFBC}") = "HomeTask", "HomeTask\HomeTask.csproj", "{E1D91AFB-0652-4A86-8FDD-EF2C0BA953AF}"
EndProject
Global
	GlobalSection(SolutionConfigurationPlatforms) = preSolution
		Debug|Any CPU = Debug|Any CPU
		Release|Any CPU = Release|Any CPU
	EndGlobalSection
	GlobalSection(ProjectConfigurationPlatforms) = postSolution
		{14BB1E94-8F78-4383-B7E8-6F911F172FD8}.Debug|Any CPU.ActiveCfg = Debug|Any CPU
		{14BB1E94-8F78-4383-B7E8-6F911F172FD8}.Debug|Any CPU.Build.0 = Debug|Any CPU
		{14BB1E94-8F78-4383-B7E8-6F911F172FD8}.Release|Any CPU.ActiveCfg = Release|Any CPU
		{14BB1E94-8F78-4383-B7E8-6F911F172FD8}.Release|Any CPU.Build.0 = Release|Any CPU
		{E1D91AFB-0652-4A86-8FDD-EF2C0BA953AF}.Debug|Any CPU.ActiveCfg = Debug|Any CPU
		{E1D91AFB-0652-4A86-8FDD-EF2C0BA953AF}.Debug|Any CPU.Build.0 = Debug|Any CPU
		{E1D91AFB-0652-4A86-8FDD-EF2C0BA953AF}.Release|Any CPU.ActiveCfg = Release|Any CPU
		{E1D91AFB-0652-4A86-8FDD-EF2C0BA953AF}.Release|Any CPU.Build.0 = Release|Any CPU
	EndGlobalSection
	GlobalSection(SolutionProperties) = preSolution
		HideSolutionNode = FALSE
	EndGlobalSection
	GlobalSection(ExtensibilityGlobals) = postSolution
		SolutionGuid = {2BBA68DF-3F1A-4FAB-9B11-2F2699BB7187}
	EndGlobalSection
EndGlobal
